version = 1
revision = 3
requires-python = "==3.11.*"

[[package]]
name = "bdo-barter-assistant"
version = "0.1.0"
source = { editable = "." }
dependencies = [
    { name = "pillow" },
    { name = "rapidfuzz" },
]

[package.dev-dependencies]
dev = [
    { name = "pytest" },
]

[package.metadata]
requires-dist = [
    { name = "pillow", specifier = ">=11.3,<12" },
    { name = "rapidfuzz", specifier = ">=3.14,<4" },
]

[package.metadata.requires-dev]
dev = [{ name = "pytest", specifier = ">=8.4,<9" }]

[[package]]
name = "colorama"
version = "0.4.6"
source = { registry = "https://pypi.org/simple" }
sdist = { url = "https://files.pythonhosted.org/packages/d8/53/6f443c9a4a8358a93a6792e2acffb9d9d5cb0a5cfd8802644b7b1c9a02e4/colorama-0.4.6.tar.gz", hash = "sha256:08695f5cb7ed6e0531a20572697297273c47b8cae5a63ffc6d6ed5c201be6e44", size = 27697, upload-time = "2022-10-25T02:36:22.414Z" }
wheels = [
    { url = "https://files.pythonhosted.org/packages/d1/d6/3965ed04c63042e047cb6a3e6ed1a63a35087b6a609aa3a15ed8ac56c221/colorama-0.4.6-py2.py3-none-any.whl", hash = "sha256:4f1d9991f5acc0ca119f9d443620b77f9d6b33703e51011c16baf57afb285fc6", size = 25335, upload-time = "2022-10-25T02:36:20.889Z" },
]

[[package]]
name = "iniconfig"
version = "2.3.0"
source = { registry = "https://pypi.org/simple" }
sdist = { url = "https://files.pythonhosted.org/packages/72/34/14ca021ce8e5dfedc35312d08ba8bf51fdd999c576889fc2c24cb97f4f10/iniconfig-2.3.0.tar.gz", hash = "sha256:c76315c77db068650d49c5b56314774a7804df16fee4402c1f19d6d15d8c4730", size = 20503, upload-time = "2025-10-18T21:55:43.219Z" }
wheels = [
    { url = "https://files.pythonhosted.org/packages/cb/b1/3846dd7f199d53cb17f49cba7e651e9ce294d8497c8c150530ed11865bb8/iniconfig-2.3.0-py3-none-any.whl", hash = "sha256:f631c04d2c48c52b84d0d0549c99ff3859c98df65b3101406327ecc7d53fbf12", size = 7484, upload-time = "2025-10-18T21:55:41.639Z" },
]

[[package]]
name = "packaging"
version = "26.3"
source = { registry = "https://pypi.org/simple" }
sdist = { url = "https://files.pythonhosted.org/packages/7d/fa/3944b40b07da9ce895c0e6303a5ab7d53da063554f534556b134a54d6093/packaging-26.3.tar.gz", hash = "sha256:94edc256424af38762eb31306eed28beb9f0efc50a8837492c9d6fd6004aed79", size = 313412, upload-time = "2026-08-04T18:15:28.737Z" }
wheels = [
    { url = "https://files.pythonhosted.org/packages/63/34/ba1c580383c9eada3711951fef0795c80b829a078d72188184bcab9dd527/packaging-26.3-py3-none-any.whl", hash = "sha256:d7193f7c8e4e93f444fde0262bf90af30e16fa0ad0ad44cb553c87339b23cd1c", size = 129956, upload-time = "2026-08-04T18:15:27.159Z" },
]

[[package]]
name = "pillow"
version = "11.3.0"
source = { registry = "https://pypi.org/simple" }
sdist = { url = "https://files.pythonhosted.org/packages/f3/0d/d0d6dea55cd152ce3d6767bb38a8fc10e33796ba4ba210cbab9354b6d238/pillow-11.3.0.tar.gz", hash = "sha256:3828ee7586cd0b2091b6209e5ad53e20d0649bbe87164a459d0676e035e8f523", size = 47113069, upload-time = "2025-07-01T09:16:30.666Z" }
wheels = [
    { url = "https://files.pythonhosted.org/packages/db/26/77f8ed17ca4ffd60e1dcd220a6ec6d71210ba398cfa33a13a1cd614c5613/pillow-11.3.0-cp311-cp311-macosx_10_10_x86_64.whl", hash = "sha256:1cd110edf822773368b396281a2293aeb91c90a2db00d78ea43e7e861631b722", size = 5316531, upload-time = "2025-07-01T09:13:59.203Z" },
    { url = "https://files.pythonhosted.org/packages/cb/39/ee475903197ce709322a17a866892efb560f57900d9af2e55f86db51b0a5/pillow-11.3.0-cp311-cp311-macosx_11_0_arm64.whl", hash = "sha256:9c412fddd1b77a75aa904615ebaa6001f169b26fd467b4be93aded278266b288", size = 4686560, upload-time = "2025-07-01T09:14:01.101Z" },
    { url = "https://files.pythonhosted.org/packages/d5/90/442068a160fd179938ba55ec8c97050a612426fae5ec0a764e345839f76d/pillow-11.3.0-cp311-cp311-manylinux2014_aarch64.manylinux_2_17_aarch64.whl", hash = "sha256:7d1aa4de119a0ecac0a34a9c8bde33f34022e2e8f99104e47a3ca392fd60e37d", size = 5870978, upload-time = "2025-07-03T13:09:55.638Z" },
    { url = "https://files.pythonhosted.org/packages/13/92/dcdd147ab02daf405387f0218dcf792dc6dd5b14d2573d40b4caeef01059/pillow-11.3.0-cp311-cp311-manylinux2014_x86_64.manylinux_2_17_x86_64.whl", hash = "sha256:91da1d88226663594e3f6b4b8c3c8d85bd504117d043740a8e0ec449087cc494", size = 7641168, upload-time = "2025-07-03T13:10:00.37Z" },
    { url = "https://files.pythonhosted.org/packages/6e/db/839d6ba7fd38b51af641aa904e2960e7a5644d60ec754c046b7d2aee00e5/pillow-11.3.0-cp311-cp311-manylinux_2_27_aarch64.manylinux_2_28_aarch64.whl", hash = "sha256:643f189248837533073c405ec2f0bb250ba54598cf80e8c1e043381a60632f58", size = 5973053, upload-time = "2025-07-01T09:14:04.491Z" },
    { url = "https://files.pythonhosted.org/packages/f2/2f/d7675ecae6c43e9f12aa8d58b6012683b20b6edfbdac7abcb4e6af7a3784/pillow-11.3.0-cp311-cp311-manylinux_2_27_x86_64.manylinux_2_28_x86_64.whl", hash = "sha256:106064daa23a745510dabce1d84f29137a37224831d88eb4ce94bb187b1d7e5f", size = 6640273, upload-time = "2025-07-01T09:14:06.235Z" },
    { url = "https://files.pythonhosted.org/packages/45/ad/931694675ede172e15b2ff03c8144a0ddaea1d87adb72bb07655eaffb654/pillow-11.3.0-cp311-cp311-musllinux_1_2_aarch64.whl", hash = "sha256:cd8ff254faf15591e724dc7c4ddb6bf4793efcbe13802a4ae3e863cd300b493e", size = 6082043, upload-time = "2025-07-01T09:14:07.978Z" },
    { url = "https://files.pythonhosted.org/packages/3a/04/ba8f2b11fc80d2dd462d7abec16351b45ec99cbbaea4387648a44190351a/pillow-11.3.0-cp311-cp311-musllinux_1_2_x86_64.whl", hash = "sha256:932c754c2d51ad2b2271fd01c3d121daaa35e27efae2a616f77bf164bc0b3e94", size = 6715516, upload-time = "2025-07-01T09:14:10.233Z" },
    { url = "https://files.pythonhosted.org/packages/48/59/8cd06d7f3944cc7d892e8533c56b0acb68399f640786313275faec1e3b6f/pillow-11.3.0-cp311-cp311-win32.whl", hash = "sha256:b4b8f3efc8d530a1544e5962bd6b403d5f7fe8b9e08227c6b255f98ad82b4ba0", size = 6274768, upload-time = "2025-07-01T09:14:11.921Z" },
    { url = "https://files.pythonhosted.org/packages/f1/cc/29c0f5d64ab8eae20f3232da8f8571660aa0ab4b8f1331da5c2f5f9a938e/pillow-11.3.0-cp311-cp311-win_amd64.whl", hash = "sha256:1a992e86b0dd7aeb1f053cd506508c0999d710a8f07b4c791c63843fc6a807ac", size = 6986055, upload-time = "2025-07-01T09:14:13.623Z" },
    { url = "https://files.pythonhosted.org/packages/c6/df/90bd886fabd544c25addd63e5ca6932c86f2b701d5da6c7839387a076b4a/pillow-11.3.0-cp311-cp311-win_arm64.whl", hash = "sha256:30807c931ff7c095620fe04448e2c2fc673fcbb1ffe2a7da3fb39613489b1ddd", size = 2423079, upload-time = "2025-07-01T09:14:15.268Z" },
    { url = "https://files.pythonhosted.org/packages/9e/e3/6fa84033758276fb31da12e5fb66ad747ae83b93c67af17f8c6ff4cc8f34/pillow-11.3.0-pp311-pypy311_pp73-macosx_10_15_x86_64.whl", hash = "sha256:7c8ec7a017ad1bd562f93dbd8505763e688d388cde6e4a010ae1486916e713e6", size = 5270566, upload-time = "2025-07-01T09:16:19.801Z" },
    { url = "https://files.pythonhosted.org/packages/5b/ee/e8d2e1ab4892970b561e1ba96cbd59c0d28cf66737fc44abb2aec3795a4e/pillow-11.3.0-pp311-pypy311_pp73-macosx_11_0_arm64.whl", hash = "sha256:9ab6ae226de48019caa8074894544af5b53a117ccb9d3b3dcb2871464c829438", size = 4654618, upload-time = "2025-07-01T09:16:21.818Z" },
    { url = "https://files.pythonhosted.org/packages/f2/6d/17f80f4e1f0761f02160fc433abd4109fa1548dcfdca46cfdadaf9efa565/pillow-11.3.0-pp311-pypy311_pp73-manylinux2014_aarch64.manylinux_2_17_aarch64.whl", hash = "sha256:fe27fb049cdcca11f11a7bfda64043c37b30e6b91f10cb5bab275806c32f6ab3", size = 4874248, upload-time = "2025-07-03T13:11:20.738Z" },
    { url = "https://files.pythonhosted.org/packages/de/5f/c22340acd61cef960130585bbe2120e2fd8434c214802f07e8c03596b17e/pillow-11.3.0-pp311-pypy311_pp73-manylinux2014_x86_64.manylinux_2_17_x86_64.whl", hash = "sha256:465b9e8844e3c3519a983d58b80be3f668e2a7a5db97f2784e7079fbc9f9822c", size = 6583963, upload-time = "2025-07-03T13:11:26.283Z" },
    { url = "https://files.pythonhosted.org/packages/31/5e/03966aedfbfcbb4d5f8aa042452d3361f325b963ebbadddac05b122e47dd/pillow-11.3.0-pp311-pypy311_pp73-manylinux_2_27_aarch64.manylinux_2_28_aarch64.whl", hash = "sha256:5418b53c0d59b3824d05e029669efa023bbef0f3e92e75ec8428f3799487f361", size = 4957170, upload-time = "2025-07-01T09:16:23.762Z" },
    { url = "https://files.pythonhosted.org/packages/cc/2d/e082982aacc927fc2cab48e1e731bdb1643a1406acace8bed0900a61464e/pillow-11.3.0-pp311-pypy311_pp73-manylinux_2_27_x86_64.manylinux_2_28_x86_64.whl", hash = "sha256:504b6f59505f08ae014f724b6207ff6222662aab5cc9542577fb084ed0676ac7", size = 5581505, upload-time = "2025-07-01T09:16:25.593Z" },
    { url = "https://files.pythonhosted.org/packages/34/e7/ae39f538fd6844e982063c3a5e4598b8ced43b9633baa3a85ef33af8c05c/pillow-11.3.0-pp311-pypy311_pp73-win_amd64.whl", hash = "sha256:c84d689db21a1c397d001aa08241044aa2069e7587b398c8cc63020390b1c1b8", size = 6984598, upload-time = "2025-07-01T09:16:27.732Z" },
]

[[package]]
name = "pluggy"
version = "1.6.0"
source = { registry = "https://pypi.org/simple" }
sdist = { url = "https://files.pythonhosted.org/packages/f9/e2/3e91f31a7d2b083fe6ef3fa267035b518369d9511ffab804f839851d2779/pluggy-1.6.0.tar.gz", hash = "sha256:7dcc130b76258d33b90f61b658791dede3486c3e6bfb003ee5c9bfb396dd22f3", size = 69412, upload-time = "2025-05-15T12:30:07.975Z" }
wheels = [
    { url = "https://files.pythonhosted.org/packages/54/20/4d324d65cc6d9205fabedc306948156824eb9f0ee1633355a8f7ec5c66bf/pluggy-1.6.0-py3-none-any.whl", hash = "sha256:e920276dd6813095e9377c0bc5566d94c932c33b27a3e3945d8389c374dd4746", size = 20538, upload-time = "2025-05-15T12:30:06.134Z" },
]

[[package]]
name = "pygments"
version = "2.21.0"
source = { registry = "https://pypi.org/simple" }
sdist = { url = "https://files.pythonhosted.org/packages/49/2e/ced460408999b33da6b31b0021b0f37d329e202d4169aeb164493778f25b/pygments-2.21.0.tar.gz", hash = "sha256:610ca751c9bc2492b38eb9a38a7fbc93edbbb2d7182edaf34e66ae493dee5c8c", size = 5005329, upload-time = "2026-08-17T08:02:48.824Z" }
wheels = [
    { url = "https://files.pythonhosted.org/packages/71/46/17f022dd3e953bf20a04a028a21ec746d942f8d2af30fa0f124fa0e6a684/pygments-2.21.0-py3-none-any.whl", hash = "sha256:2363c69b61c4a97c838da3b130dcd6468f4848992b21a82f2a63ec34377137d9", size = 1250147, upload-time = "2026-08-17T08:02:44.912Z" },
]

[[package]]
name = "pytest"
version = "8.4.2"
source = { registry = "https://pypi.org/simple" }
dependencies = [
    { name = "colorama", marker = "sys_platform == 'win32'" },
    { name = "iniconfig" },
    { name = "packaging" },
    { name = "pluggy" },
    { name = "pygments" },
]
sdist = { url = "https://files.pythonhosted.org/packages/a3/5c/00a0e072241553e1a7496d638deababa67c5058571567b92a7eaa258397c/pytest-8.4.2.tar.gz", hash = "sha256:86c0d0b93306b961d58d62a4db4879f27fe25513d4b969df351abdddb3c30e01", size = 1519618, upload-time = "2025-09-04T14:34:22.711Z" }
wheels = [
    { url = "https://files.pythonhosted.org/packages/a8/a4/20da314d277121d6534b3a980b29035dcd51e6744bd79075a6ce8fa4eb8d/pytest-8.4.2-py3-none-any.whl", hash = "sha256:872f880de3fc3a5bdc88a11b39c9710c3497a547cfa9320bc3c5e62fbf272e79", size = 365750, upload-time = "2025-09-04T14:34:20.226Z" },
]

[[package]]
name = "rapidfuzz"
version = "3.14.6"
source = { registry = "https://pypi.org/simple" }
sdist = { url = "https://files.pythonhosted.org/packages/18/97/226c43b7b5d957bc3840ed52ea99eed261f99834c4619be7a4742cbaeafa/rapidfuzz-3.14.6.tar.gz", hash = "sha256:e13a8160d017b499ec7a2fa9d0ce1ae2e7377080815785819f966fb235d4eb60", size = 57955060, upload-time = "2026-08-30T21:45:51.097Z" }
wheels = [
    { url = "https://files.pythonhosted.org/packages/4c/09/144d6fcd84fadb124d282f727d197a92dc48ae279e80d4b7d23795ba164d/rapidfuzz-3.14.6-cp311-cp311-macosx_10_9_x86_64.whl", hash = "sha256:1c0dd0d765184366b6e213a8af3b0b3bb39dad27943bbfb193515d4ff96ac82a", size = 1975267, upload-time = "2026-08-30T21:41:54.195Z" },
    { url = "https://files.pythonhosted.org/packages/b9/8f/17985248f0f651a518b543f802fa706b7810cbe96a434a5a9dc24f99b7d2/rapidfuzz-3.14.6-cp311-cp311-macosx_11_0_arm64.whl", hash = "sha256:0c61cade182f130c9903231946bd1074539121721693a918e7b70382ae802bd8", size = 1246874, upload-time = "2026-08-30T21:41:57.063Z" },
    { url = "https://files.pythonhosted.org/packages/de/8f/9cf3b552bb84911add3c86e014e8704d20ea4e274295686106dc010356ae/rapidfuzz-3.14.6-cp311-cp311-manylinux_2_26_aarch64.manylinux_2_28_aarch64.whl", hash = "sha256:3781cf14f9fc933d7198c2b25a8bbbd1a62b752746d5cd26de14957edc0e802f", size = 1394531, upload-time = "2026-08-30T21:41:58.745Z" },
    { url = "https://files.pythonhosted.org/packages/e3/7f/c4824d855cb1f89f8db0802b7ae22705187be55e0ab2f9873b574a0a6713/rapidfuzz-3.14.6-cp311-cp311-manylinux_2_26_ppc64le.manylinux_2_28_ppc64le.whl", hash = "sha256:71a5bbfd00da1963f27dd1432068929694cf0e00007ae2b9c1ad2a187ec29a16", size = 1702106, upload-time = "2026-08-30T21:42:00.398Z" },
    { url = "https://files.pythonhosted.org/packages/9f/ff/556d3aefbd1f115fcda6bdf3ea578405fcaa44c233b525fda583943f3692/rapidfuzz-3.14.6-cp311-cp311-manylinux_2_26_s390x.manylinux_2_28_s390x.whl", hash = "sha256:eabaf06ca4896c59cfd9162480f0d37a15a2304ce2efe83ae2bbcfa1cf13534e", size = 2735203, upload-time = "2026-08-30T21:42:02.115Z" },
    { url = "https://files.pythonhosted.org/packages/11/ae/a781ec62825990319483c82ef962b509e9ce22a67a9f97d63d70b2b175b9/rapidfuzz-3.14.6-cp311-cp311-manylinux_2_27_x86_64.manylinux_2_28_x86_64.whl", hash = "sha256:3d5d90bae3c6fb7ea34da968c9f23070e8440edb827a28b242580e0108110b14", size = 3180952, upload-time = "2026-08-30T21:42:03.918Z" },
    { url = "https://files.pythonhosted.org/packages/d9/cc/a8cdeaa64db2e914f3475551b19ea2a6187b5458b50eac707e10f1bcf9d7/rapidfuzz-3.14.6-cp311-cp311-manylinux_2_39_riscv64.whl", hash = "sha256:d6b58daadbe6974884ec39aee30cfb8bd2e126f8d03503f0069f70d5e84656a3", size = 1485205, upload-time = "2026-08-30T21:42:05.659Z" },
    { url = "https://files.pythonhosted.org/packages/09/4e/6394e8d79088124bf39a8103ac2ae166a3f62ffc67b51c4e869dfe38b6d1/rapidfuzz-3.14.6-cp311-cp311-musllinux_1_2_aarch64.whl", hash = "sha256:ab4386ef7c2cb3e5eb46e815be49715dfcd301bb9f0a431f18da7aa0007de54f", size = 2415347, upload-time = "2026-08-30T21:42:07.847Z" },
    { url = "https://files.pythonhosted.org/packages/f0/2e/92acf13a03c45884aabe9d637c620f5b7806e56bd6f6f8d8016f95614722/rapidfuzz-3.14.6-cp311-cp311-musllinux_1_2_ppc64le.whl", hash = "sha256:33a2f7faedaa3608c4876c41b448fc786d54e6cd7c6e732f7de466319b5a73c2", size = 2819438, upload-time = "2026-08-30T21:42:09.788Z" },
    { url = "https://files.pythonhosted.org/packages/95/54/3ed4286d9ebf0b623b021970a46d7befa053dd09c85cd213bfb2ad2a0bbc/rapidfuzz-3.14.6-cp311-cp311-musllinux_1_2_riscv64.whl", hash = "sha256:adb160a100f6122aa45c78d686e198da3f9e815d4182e0c4fe730608479f7f9c", size = 2521065, upload-time = "2026-08-30T21:42:11.923Z" },
    { url = "https://files.pythonhosted.org/packages/6a/ff/ae8ecf60ce25eab3accfe5a0c9ba6499b02c5e2ab03ee9defdf5475eb4e7/rapidfuzz-3.14.6-cp311-cp311-musllinux_1_2_s390x.whl", hash = "sha256:ad60297c001d15af24338440bca85dfee8710e9e3222733c906b33e89d986166", size = 3319384, upload-time = "2026-08-30T21:42:14.191Z" },
    { url = "https://files.pythonhosted.org/packages/4a/1d/d39dfc6cdc5c1d0452d4af563c678f2d5821f0df306bc3ab9502f3555690/rapidfuzz-3.14.6-cp311-cp311-musllinux_1_2_x86_64.whl", hash = "sha256:3d5b1cfa67bbe6239a643bca1d986f8a07e0a045286c674946e1648c132baa46", size = 4297470, upload-time = "2026-08-30T21:42:16.667Z" },
    { url = "https://files.pythonhosted.org/packages/1b/f6/0a64983c5cf5b2ce8cf2ce4fc54ecd6b5ee6cd6a3af8b870657f28e31a07/rapidfuzz-3.14.6-cp311-cp311-win32.whl", hash = "sha256:46ddb42af4cad3ac9d5e0c97ee1e687500c529a1ad5cbf9c949ce35f6edd4537", size = 1902086, upload-time = "2026-08-30T21:42:18.576Z" },
    { url = "https://files.pythonhosted.org/packages/41/72/638db21d63041ba17c4ed482a8cd1fe6dc4d90bc84b2a28aaccc2611ff84/rapidfuzz-3.14.6-cp311-cp311-win_amd64.whl", hash = "sha256:737a57cbca3e5c16decac86e205727bcd4b99c52f77c48bb44123078c5cd9a7a", size = 1738042, upload-time = "2026-08-30T21:42:20.427Z" },
    { url = "https://files.pythonhosted.org/packages/10/f7/d0fb82451c1f0c701a742939120b32a092ac64bbacf8bf8fa21d61fc89e7/rapidfuzz-3.14.6-cp311-cp311-win_arm64.whl", hash = "sha256:19c1cda8198cc57ffd4ff69a1c02cbe4297e9ca7b506bca03ec584da0a9fe1ff", size = 1190829, upload-time = "2026-08-30T21:42:22.322Z" },
    { url = "https://files.pythonhosted.org/packages/08/9a/7d4949406e2d391e160ead12036bba05e7c90e09bba77a782d33e7e6a1b0/rapidfuzz-3.14.6-pp311-pypy311_pp73-macosx_10_15_x86_64.whl", hash = "sha256:0844066900cdc9909ce4ab4fb5ba1d8e0c021252d770f2ea476f3443df1d22ef", size = 1912210, upload-time = "2026-08-30T21:45:33.653Z" },
    { url = "https://files.pythonhosted.org/packages/7c/00/a1a077f5cf90c9fa13b28c721f931529ad02748d418d7750590a388832a9/rapidfuzz-3.14.6-pp311-pypy311_pp73-macosx_11_0_arm64.whl", hash = "sha256:1398bd2c197b79bfc40b615999fd3599dc60265fdd5b59edc18156ae048c4cde", size = 1209219, upload-time = "2026-08-30T21:45:36.035Z" },
    { url = "https://files.pythonhosted.org/packages/48/69/a573c2e5e1b1a4f19e98a8fb3f6a792a44f5b8a067895a2654890ffd35a4/rapidfuzz-3.14.6-pp311-pypy311_pp73-manylinux_2_26_aarch64.manylinux_2_28_aarch64.whl", hash = "sha256:e2fc748d1fde4109e5d0dab27f1e61f53b3136a235dfee5a4fb579da44808b6a", size = 1361237, upload-time = "2026-08-30T21:45:38.582Z" },
    { url = "https://files.pythonhosted.org/packages/ea/0b/375ebdfc4ca149e23793bb6b72461954ec64d0acbb826030787e88b90ff3/rapidfuzz-3.14.6-pp311-pypy311_pp73-manylinux_2_27_x86_64.manylinux_2_28_x86_64.whl", hash = "sha256:b42536675c930cb76b7998bfc4d8e59cb35d8df47f2103020265743b6b2ccd2a", size = 3136631, upload-time = "2026-08-30T21:45:41.426Z" },
    { url = "https://files.pythonhosted.org/packages/55/56/799accc99532ecaaa2c1d04c7e594d6bb8f1afdddc327389c61196741cb8/rapidfuzz-3.14.6-pp311-pypy311_pp73-win_amd64.whl", hash = "sha256:1e6911e3a14971719ddc35af98f181d2e5369ab273a5a3488ab7685d23c31ad5", size = 1722739, upload-time = "2026-08-30T21:45:44.301Z" },
]
